hash: 74270103a17aa4c25c7d60861da1917bcb50c878d21df4c32540ebcd8969285b
updated: 2017-03-11T11:52:44.929522098-08:00
imports:
- name: github.com/gorilla/websocket
  version: b258b4fadb573ac412f187b9f31974ea99d32f50
- name: github.com/shopspring/decimal
  version: 3526cd0bdb7f64e1178943b7dee81a0cc3d86a69
- name: github.com/Sirupsen/logrus
  version: 1deb2db2a6fff8a35532079061b903c3a25eed52
- name: golang.org/x/sys
  version: 99f16d856c9836c42d24e7ab64ea72916925fa97
  subpackages:
  - unix
devImports: []
